
Microsoft Visual Studio Solution File, Format Version 12.00
# Visual Studio Version 17
VisualStudioVersion = 17.8.34330.188
MinimumVisualStudioVersion = 10.0.40219.1
Project("{9A19103F-16F7-4668-BE54-9A1E7A4F7556}") = "URAL", "URAL\URAL.csproj", "{06D97961-9F1D-43FF-87DA-2551FE90193D}"
EndProject
Project("{9A19103F-16F7-4668-BE54-9A1E7A4F7556}") = "URAL.Domain", "URAL.Domain\URAL.Domain.csproj", "{B6B44C4C-8062-4E48-B8D5-44C3C33AF18D}"
EndProject
Project("{9A19103F-16F7-4668-BE54-9A1E7A4F7556}") = "URAL.Infrastructure", "URAL.Infrastructure\URAL.Infrastructure.csproj", "{56FE0288-7198-4E57-B357-0F695A3DED4D}"
EndProject
Project("{9A19103F-16F7-4668-BE54-9A1E7A4F7556}") = "URAL.Application", "URAL.Application\URAL.Application.csproj", "{D282DFA4-61CB-4D9B-95DD-400A75830008}"
EndProject
Project("{2150E333-8FDC-42A3-9474-1A3956D46DE8}") = "tests", "tests", "{1F258F3E-F561-40E8-A049-7FC732C9BE90}"
EndProject
Project("{FAE04EC0-301F-11D3-BF4B-00C04F79EFBC}") = "URAL.UnitTests", "URAL.UnitTests\URAL.UnitTests.csproj", "{9F15560D-4003-4AC0-A405-4C4D82121A88}"
EndProject
Project("{FAE04EC0-301F-11D3-BF4B-00C04F79EFBC}") = "URAL.IntegratedTests", "URAL.IntegratedTests\URAL.IntegratedTests.csproj", "{7006AA12-5111-4D9E-818E-65C19A8F869E}"
EndProject
Global
	GlobalSection(SolutionConfigurationPlatforms) = preSolution
		Debug|Any CPU = Debug|Any CPU
		Release|Any CPU = Release|Any CPU
	EndGlobalSection
	GlobalSection(ProjectConfigurationPlatforms) = postSolution
		{06D97961-9F1D-43FF-87DA-2551FE90193D}.Debug|Any CPU.ActiveCfg = Debug|Any CPU
		{06D97961-9F1D-43FF-87DA-2551FE90193D}.Debug|Any CPU.Build.0 = Debug|Any CPU
		{06D97961-9F1D-43FF-87DA-2551FE90193D}.Release|Any CPU.ActiveCfg = Release|Any CPU
		{06D97961-9F1D-43FF-87DA-2551FE90193D}.Release|Any CPU.Build.0 = Release|Any CPU
		{B6B44C4C-8062-4E48-B8D5-44C3C33AF18D}.Debug|Any CPU.ActiveCfg = Debug|Any CPU
		{B6B44C4C-8062-4E48-B8D5-44C3C33AF18D}.Debug|Any CPU.Build.0 = Debug|Any CPU
		{B6B44C4C-8062-4E48-B8D5-44C3C33AF18D}.Release|Any CPU.ActiveCfg = Release|Any CPU
		{B6B44C4C-8062-4E48-B8D5-44C3C33AF18D}.Release|Any CPU.Build.0 = Release|Any CPU
		{56FE0288-7198-4E57-B357-0F695A3DED4D}.Debug|Any CPU.ActiveCfg = Debug|Any CPU
		{56FE0288-7198-4E57-B357-0F695A3DED4D}.Debug|Any CPU.Build.0 = Debug|Any CPU
		{56FE0288-7198-4E57-B357-0F695A3DED4D}.Release|Any CPU.ActiveCfg = Release|Any CPU
		{56FE0288-7198-4E57-B357-0F695A3DED4D}.Release|Any CPU.Build.0 = Release|Any CPU
		{D282DFA4-61CB-4D9B-95DD-400A75830008}.Debug|Any CPU.ActiveCfg = Debug|Any CPU
		{D282DFA4-61CB-4D9B-95DD-400A75830008}.Debug|Any CPU.Build.0 = Debug|Any CPU
		{D282DFA4-61CB-4D9B-95DD-400A75830008}.Release|Any CPU.ActiveCfg = Release|Any CPU
		{D282DFA4-61CB-4D9B-95DD-400A75830008}.Release|Any CPU.Build.0 = Release|Any CPU
		{9F15560D-4003-4AC0-A405-4C4D82121A88}.Debug|Any CPU.ActiveCfg = Debug|Any CPU
		{9F15560D-4003-4AC0-A405-4C4D82121A88}.Debug|Any CPU.Build.0 = Debug|Any CPU
		{9F15560D-4003-4AC0-A405-4C4D82121A88}.Release|Any CPU.ActiveCfg = Release|Any CPU
		{9F15560D-4003-4AC0-A405-4C4D82121A88}.Release|Any CPU.Build.0 = Release|Any CPU
		{7006AA12-5111-4D9E-818E-65C19A8F869E}.Debug|Any CPU.ActiveCfg = Debug|Any CPU
		{7006AA12-5111-4D9E-818E-65C19A8F869E}.Debug|Any CPU.Build.0 = Debug|Any CPU
		{7006AA12-5111-4D9E-818E-65C19A8F869E}.Release|Any CPU.ActiveCfg = Release|Any CPU
		{7006AA12-5111-4D9E-818E-65C19A8F869E}.Release|Any CPU.Build.0 = Release|Any CPU
	EndGlobalSection
	GlobalSection(SolutionProperties) = preSolution
		HideSolutionNode = FALSE
	EndGlobalSection
	GlobalSection(NestedProjects) = preSolution
		{9F15560D-4003-4AC0-A405-4C4D82121A88} = {1F258F3E-F561-40E8-A049-7FC732C9BE90}
		{7006AA12-5111-4D9E-818E-65C19A8F869E} = {1F258F3E-F561-40E8-A049-7FC732C9BE90}
	EndGlobalSection
	GlobalSection(ExtensibilityGlobals) = postSolution
		SolutionGuid = {1D0F0D1A-7C57-47E8-90DA-6D4122913AB6}
	EndGlobalSection
EndGlobal
